lockfileVersion: 5.4

specifiers:
  resolve.exports: ^1.1.1

dependencies:
  resolve.exports: 1.1.1

packages:

  /resolve.exports/1.1.1:
    resolution: {integrity: sha512-/NtpHNDN7jWhAaQ9BvBUYZ6YTXsRBgfqWFWP7BZBaoMJO/I3G5OFzvTuWNlZC3aPjins1F+TNrLKsGbH4rfsRQ==}
    engines: {node: '>=10'}
    dev: false
